
Microsoft Visual Studio Solution File, Format Version 12.00
# Visual Studio Version 16
VisualStudioVersion = 16.0.32929.386
MinimumVisualStudioVersion = 10.0.40219.1
Project("{8BC9CEB8-8B4A-11D0-8D11-00A0C91BC942}") = "Tema2", "Tema2\Tema2.vcxproj", "{44E2981D-2567-4F40-A550-9241D27E4E40}"
EndProject
Project("{8BC9CEB8-8B4A-11D0-8D11-00A0C91BC942}") = "Tema1", "Tema1\Tema1.vcxproj", "{9EC84F9C-4F92-44B6-81AC-D3601B1A9871}"
EndProject
Project("{8BC9CEB8-8B4A-11D0-8D11-00A0C91BC942}") = "Tema3", "Tema3\Tema3.vcxproj", "{81DB7C1F-3452-4914-9EAB-F8D607E1C081}"
EndProject
Project("{8BC9CEB8-8B4A-11D0-8D11-00A0C91BC942}") = "Tema4", "Tema4\Tema4.vcxproj", "{33F24287-6AD3-4A62-B839-76D02533463F}"
EndProject
Project("{8BC9CEB8-8B4A-11D0-8D11-00A0C91BC942}") = "Tema5", "Tema5\Tema5.vcxproj", "{EEAFC4FA-FABC-4E2E-923F-C43C70239762}"
EndProject
Project("{8BC9CEB8-8B4A-11D0-8D11-00A0C91BC942}") = "Tema6", "Tema6\Tema6.vcxproj", "{B286F65A-7F36-492B-813B-3B06580187F4}"
EndProject
Global
	GlobalSection(SolutionConfigurationPlatforms) = preSolution
		Debug|x64 = Debug|x64
		Debug|x86 = Debug|x86
		Release|x64 = Release|x64
		Release|x86 = Release|x86
	EndGlobalSection
	GlobalSection(ProjectConfigurationPlatforms) = postSolution
		{44E2981D-2567-4F40-A550-9241D27E4E40}.Debug|x64.ActiveCfg = Debug|x64
		{44E2981D-2567-4F40-A550-9241D27E4E40}.Debug|x64.Build.0 = Debug|x64
		{44E2981D-2567-4F40-A550-9241D27E4E40}.Debug|x86.ActiveCfg = Debug|Win32
		{44E2981D-2567-4F40-A550-9241D27E4E40}.Debug|x86.Build.0 = Debug|Win32
		{44E2981D-2567-4F40-A550-9241D27E4E40}.Release|x64.ActiveCfg = Release|x64
		{44E2981D-2567-4F40-A550-9241D27E4E40}.Release|x64.Build.0 = Release|x64
		{44E2981D-2567-4F40-A550-9241D27E4E40}.Release|x86.ActiveCfg = Release|Win32
		{44E2981D-2567-4F40-A550-9241D27E4E40}.Release|x86.Build.0 = Release|Win32
		{9EC84F9C-4F92-44B6-81AC-D3601B1A9871}.Debug|x64.ActiveCfg = Debug|x64
		{9EC84F9C-4F92-44B6-81AC-D3601B1A9871}.Debug|x64.Build.0 = Debug|x64
		{9EC84F9C-4F92-44B6-81AC-D3601B1A9871}.Debug|x86.ActiveCfg = Debug|Win32
		{9EC84F9C-4F92-44B6-81AC-D3601B1A9871}.Debug|x86.Build.0 = Debug|Win32
		{9EC84F9C-4F92-44B6-81AC-D3601B1A9871}.Release|x64.ActiveCfg = Release|x64
		{9EC84F9C-4F92-44B6-81AC-D3601B1A9871}.Release|x64.Build.0 = Release|x64
		{9EC84F9C-4F92-44B6-81AC-D3601B1A9871}.Release|x86.ActiveCfg = Release|Win32
		{9EC84F9C-4F92-44B6-81AC-D3601B1A9871}.Release|x86.Build.0 = Release|Win32
		{81DB7C1F-3452-4914-9EAB-F8D607E1C081}.Debug|x64.ActiveCfg = Debug|x64
		{81DB7C1F-3452-4914-9EAB-F8D607E1C081}.Debug|x64.Build.0 = Debug|x64
		{81DB7C1F-3452-4914-9EAB-F8D607E1C081}.Debug|x86.ActiveCfg = Debug|Win32
		{81DB7C1F-3452-4914-9EAB-F8D607E1C081}.Debug|x86.Build.0 = Debug|Win32
		{81DB7C1F-3452-4914-9EAB-F8D607E1C081}.Release|x64.ActiveCfg = Release|x64
		{81DB7C1F-3452-4914-9EAB-F8D607E1C081}.Release|x64.Build.0 = Release|x64
		{81DB7C1F-3452-4914-9EAB-F8D607E1C081}.Release|x86.ActiveCfg = Release|Win32
		{81DB7C1F-3452-4914-9EAB-F8D607E1C081}.Release|x86.Build.0 = Release|Win32
		{33F24287-6AD3-4A62-B839-76D02533463F}.Debug|x64.ActiveCfg = Debug|x64
		{33F24287-6AD3-4A62-B839-76D02533463F}.Debug|x64.Build.0 = Debug|x64
		{33F24287-6AD3-4A62-B839-76D02533463F}.Debug|x86.ActiveCfg = Debug|Win32
		{33F24287-6AD3-4A62-B839-76D02533463F}.Debug|x86.Build.0 = Debug|Win32
		{33F24287-6AD3-4A62-B839-76D02533463F}.Release|x64.ActiveCfg = Release|x64
		{33F24287-6AD3-4A62-B839-76D02533463F}.Release|x64.Build.0 = Release|x64
		{33F24287-6AD3-4A62-B839-76D02533463F}.Release|x86.ActiveCfg = Release|Win32
		{33F24287-6AD3-4A62-B839-76D02533463F}.Release|x86.Build.0 = Release|Win32
		{EEAFC4FA-FABC-4E2E-923F-C43C70239762}.Debug|x64.ActiveCfg = Debug|x64
		{EEAFC4FA-FABC-4E2E-923F-C43C70239762}.Debug|x64.Build.0 = Debug|x64
		{EEAFC4FA-FABC-4E2E-923F-C43C70239762}.Debug|x86.ActiveCfg = Debug|Win32
		{EEAFC4FA-FABC-4E2E-923F-C43C70239762}.Debug|x86.Build.0 = Debug|Win32
		{EEAFC4FA-FABC-4E2E-923F-C43C70239762}.Release|x64.ActiveCfg = Release|x64
		{EEAFC4FA-FABC-4E2E-923F-C43C70239762}.Release|x64.Build.0 = Release|x64
		{EEAFC4FA-FABC-4E2E-923F-C43C70239762}.Release|x86.ActiveCfg = Release|Win32
		{EEAFC4FA-FABC-4E2E-923F-C43C70239762}.Release|x86.Build.0 = Release|Win32
		{B286F65A-7F36-492B-813B-3B06580187F4}.Debug|x64.ActiveCfg = Debug|x64
		{B286F65A-7F36-492B-813B-3B06580187F4}.Debug|x64.Build.0 = Debug|x64
		{B286F65A-7F36-492B-813B-3B06580187F4}.Debug|x86.ActiveCfg = Debug|Win32
		{B286F65A-7F36-492B-813B-3B06580187F4}.Debug|x86.Build.0 = Debug|Win32
		{B286F65A-7F36-492B-813B-3B06580187F4}.Release|x64.ActiveCfg = Release|x64
		{B286F65A-7F36-492B-813B-3B06580187F4}.Release|x64.Build.0 = Release|x64
		{B286F65A-7F36-492B-813B-3B06580187F4}.Release|x86.ActiveCfg = Release|Win32
		{B286F65A-7F36-492B-813B-3B06580187F4}.Release|x86.Build.0 = Release|Win32
	EndGlobalSection
	GlobalSection(SolutionProperties) = preSolution
		HideSolutionNode = FALSE
	EndGlobalSection
	GlobalSection(ExtensibilityGlobals) = postSolution
		SolutionGuid = {AC0BE198-E748-4690-83CF-E0899B4BC91F}
	EndGlobalSection
EndGlobal
